
Microsoft Visual Studio Solution File, Format Version 12.00
# Visual Studio Version 16
VisualStudioVersion = 16.0.31729.503
MinimumVisualStudioVersion = 10.0.40219.1
Project("{8BC9CEB8-8B4A-11D0-8D11-00A0C91BC942}") = "Fast-DCT-Generator", "Fast-DCT-Generator\Fast-DCT-Generator.vcxproj", "{D91FA6F4-5999-4882-B526-64AE8E85698C}"
EndProject
Project("{888888A0-9F3D-457C-B088-3A5042F75D52}") = "Generator", "Generator\Generator.pyproj", "{9D862AD9-3135-433D-8BAE-C40D75DCA3C7}"
EndProject
Global
	GlobalSection(SolutionConfigurationPlatforms) = preSolution
		Debug|Any CPU = Debug|Any CPU
		Debug|x64 = Debug|x64
		Debug|x86 = Debug|x86
		Release|Any CPU = Release|Any CPU
		Release|x64 = Release|x64
		Release|x86 = Release|x86
	EndGlobalSection
	GlobalSection(ProjectConfigurationPlatforms) = postSolution
		{D91FA6F4-5999-4882-B526-64AE8E85698C}.Debug|Any CPU.ActiveCfg = Debug|Win32
		{D91FA6F4-5999-4882-B526-64AE8E85698C}.Debug|x64.ActiveCfg = Debug|x64
		{D91FA6F4-5999-4882-B526-64AE8E85698C}.Debug|x64.Build.0 = Debug|x64
		{D91FA6F4-5999-4882-B526-64AE8E85698C}.Debug|x86.ActiveCfg = Debug|Win32
		{D91FA6F4-5999-4882-B526-64AE8E85698C}.Debug|x86.Build.0 = Debug|Win32
		{D91FA6F4-5999-4882-B526-64AE8E85698C}.Release|Any CPU.ActiveCfg = Release|Win32
		{D91FA6F4-5999-4882-B526-64AE8E85698C}.Release|x64.ActiveCfg = Release|x64
		{D91FA6F4-5999-4882-B526-64AE8E85698C}.Release|x64.Build.0 = Release|x64
		{D91FA6F4-5999-4882-B526-64AE8E85698C}.Release|x86.ActiveCfg = Release|Win32
		{D91FA6F4-5999-4882-B526-64AE8E85698C}.Release|x86.Build.0 = Release|Win32
		{9D862AD9-3135-433D-8BAE-C40D75DCA3C7}.Debug|Any CPU.ActiveCfg = Debug|Any CPU
		{9D862AD9-3135-433D-8BAE-C40D75DCA3C7}.Debug|x64.ActiveCfg = Debug|Any CPU
		{9D862AD9-3135-433D-8BAE-C40D75DCA3C7}.Debug|x86.ActiveCfg = Debug|Any CPU
		{9D862AD9-3135-433D-8BAE-C40D75DCA3C7}.Release|Any CPU.ActiveCfg = Release|Any CPU
		{9D862AD9-3135-433D-8BAE-C40D75DCA3C7}.Release|x64.ActiveCfg = Release|Any CPU
		{9D862AD9-3135-433D-8BAE-C40D75DCA3C7}.Release|x86.ActiveCfg = Release|Any CPU
	EndGlobalSection
	GlobalSection(SolutionProperties) = preSolution
		HideSolutionNode = FALSE
	EndGlobalSection
	GlobalSection(ExtensibilityGlobals) = postSolution
		SolutionGuid = {674DEEB0-0799-4E56-932A-59BDDAB13F8A}
	EndGlobalSection
EndGlobal
